
Microsoft Visual Studio Solution File, Format Version 12.00
# Visual Studio Version 17
VisualStudioVersion = 17.4.33103.184
MinimumVisualStudioVersion = 10.0.40219.1
Project("{9A19103F-16F7-4668-BE54-9A1E7A4F7556}") = "AuthenticationAPI", "AuthenticationAPI\AuthenticationAPI\AuthenticationAPI.csproj", "{08B8E35A-6AB2-4046-9F9C-1BA64AD9BDA6}"
EndProject
Project("{9A19103F-16F7-4668-BE54-9A1E7A4F7556}") = "UserProfileAPI", "UserProfileAPI\UserProfileAPI\UserProfileAPI.csproj", "{C6093035-379A-48E5-BED8-392ACF1FBB6C}"
EndProject
Project("{9A19103F-16F7-4668-BE54-9A1E7A4F7556}") = "TimelineAPI", "TimelineAPI\TimelineAPI\TimelineAPI.csproj", "{CD951B97-72DF-4C0A-80D8-299655F5749F}"
EndProject
Project("{9A19103F-16F7-4668-BE54-9A1E7A4F7556}") = "MessagingAPI", "MessagingAPI\MessagingAPI\MessagingAPI.csproj", "{5DEB3224-B5B2-4410-BF97-C9A629CF2E81}"
EndProject
Project("{9A19103F-16F7-4668-BE54-9A1E7A4F7556}") = "PostsAPI", "PostsAPI\PostsAPI\PostsAPI.csproj", "{5A46D532-C7E6-4B7D-890E-437E84126DAB}"
EndProject
Project("{E53339B2-1760-4266-BCC7-CA923CBCF16C}") = "docker-compose", "docker-compose.dcproj", "{42215D71-97DB-4806-ACEC-1F9767B89D21}"
EndProject
Project("{9A19103F-16F7-4668-BE54-9A1E7A4F7556}") = "TagAPI", "TagAPI\TagAPI\TagAPI.csproj", "{9787417E-6AFE-4D35-95A8-86F44759F1CA}"
EndProject
Project("{9A19103F-16F7-4668-BE54-9A1E7A4F7556}") = "YouVidaGateway", "YouVidaGateway\YouVidaGateway\YouVidaGateway.csproj", "{BF218A82-D8F4-4061-A292-34B913DCD8E7}"
EndProject
Project("{2150E333-8FDC-42A3-9474-1A3956D46DE8}") = "Solution Items", "Solution Items", "{2D9F8D61-53C6-4203-88CD-29188B304F82}"
	ProjectSection(SolutionItems) = preProject
		.env = .env
	EndProjectSection
EndProject
Project("{9A19103F-16F7-4668-BE54-9A1E7A4F7556}") = "UserProfileAPI_Test", "UserProfileAPI\UserProfileAPI_Test\UserProfileAPI_Test\UserProfileAPI_Test.csproj", "{32988539-635B-4BA2-B4F6-E0F718776A21}"
EndProject
Global
	GlobalSection(SolutionConfigurationPlatforms) = preSolution
		Debug|Any CPU = Debug|Any CPU
		Release|Any CPU = Release|Any CPU
	EndGlobalSection
	GlobalSection(ProjectConfigurationPlatforms) = postSolution
		{08B8E35A-6AB2-4046-9F9C-1BA64AD9BDA6}.Debug|Any CPU.ActiveCfg = Debug|Any CPU
		{08B8E35A-6AB2-4046-9F9C-1BA64AD9BDA6}.Debug|Any CPU.Build.0 = Debug|Any CPU
		{08B8E35A-6AB2-4046-9F9C-1BA64AD9BDA6}.Release|Any CPU.ActiveCfg = Release|Any CPU
		{08B8E35A-6AB2-4046-9F9C-1BA64AD9BDA6}.Release|Any CPU.Build.0 = Release|Any CPU
		{C6093035-379A-48E5-BED8-392ACF1FBB6C}.Debug|Any CPU.ActiveCfg = Debug|Any CPU
		{C6093035-379A-48E5-BED8-392ACF1FBB6C}.Debug|Any CPU.Build.0 = Debug|Any CPU
		{C6093035-379A-48E5-BED8-392ACF1FBB6C}.Release|Any CPU.ActiveCfg = Release|Any CPU
		{C6093035-379A-48E5-BED8-392ACF1FBB6C}.Release|Any CPU.Build.0 = Release|Any CPU
		{CD951B97-72DF-4C0A-80D8-299655F5749F}.Debug|Any CPU.ActiveCfg = Debug|Any CPU
		{CD951B97-72DF-4C0A-80D8-299655F5749F}.Debug|Any CPU.Build.0 = Debug|Any CPU
		{CD951B97-72DF-4C0A-80D8-299655F5749F}.Release|Any CPU.ActiveCfg = Release|Any CPU
		{CD951B97-72DF-4C0A-80D8-299655F5749F}.Release|Any CPU.Build.0 = Release|Any CPU
		{5DEB3224-B5B2-4410-BF97-C9A629CF2E81}.Debug|Any CPU.ActiveCfg = Debug|Any CPU
		{5DEB3224-B5B2-4410-BF97-C9A629CF2E81}.Debug|Any CPU.Build.0 = Debug|Any CPU
		{5DEB3224-B5B2-4410-BF97-C9A629CF2E81}.Release|Any CPU.ActiveCfg = Release|Any CPU
		{5DEB3224-B5B2-4410-BF97-C9A629CF2E81}.Release|Any CPU.Build.0 = Release|Any CPU
		{5A46D532-C7E6-4B7D-890E-437E84126DAB}.Debug|Any CPU.ActiveCfg = Debug|Any CPU
		{5A46D532-C7E6-4B7D-890E-437E84126DAB}.Debug|Any CPU.Build.0 = Debug|Any CPU
		{5A46D532-C7E6-4B7D-890E-437E84126DAB}.Release|Any CPU.ActiveCfg = Release|Any CPU
		{5A46D532-C7E6-4B7D-890E-437E84126DAB}.Release|Any CPU.Build.0 = Release|Any CPU
		{42215D71-97DB-4806-ACEC-1F9767B89D21}.Debug|Any CPU.ActiveCfg = Debug|Any CPU
		{42215D71-97DB-4806-ACEC-1F9767B89D21}.Debug|Any CPU.Build.0 = Debug|Any CPU
		{42215D71-97DB-4806-ACEC-1F9767B89D21}.Release|Any CPU.ActiveCfg = Release|Any CPU
		{42215D71-97DB-4806-ACEC-1F9767B89D21}.Release|Any CPU.Build.0 = Release|Any CPU
		{9787417E-6AFE-4D35-95A8-86F44759F1CA}.Debug|Any CPU.ActiveCfg = Debug|Any CPU
		{9787417E-6AFE-4D35-95A8-86F44759F1CA}.Debug|Any CPU.Build.0 = Debug|Any CPU
		{9787417E-6AFE-4D35-95A8-86F44759F1CA}.Release|Any CPU.ActiveCfg = Release|Any CPU
		{9787417E-6AFE-4D35-95A8-86F44759F1CA}.Release|Any CPU.Build.0 = Release|Any CPU
		{BF218A82-D8F4-4061-A292-34B913DCD8E7}.Debug|Any CPU.ActiveCfg = Debug|Any CPU
		{BF218A82-D8F4-4061-A292-34B913DCD8E7}.Debug|Any CPU.Build.0 = Debug|Any CPU
		{BF218A82-D8F4-4061-A292-34B913DCD8E7}.Release|Any CPU.ActiveCfg = Release|Any CPU
		{BF218A82-D8F4-4061-A292-34B913DCD8E7}.Release|Any CPU.Build.0 = Release|Any CPU
		{32988539-635B-4BA2-B4F6-E0F718776A21}.Debug|Any CPU.ActiveCfg = Debug|Any CPU
		{32988539-635B-4BA2-B4F6-E0F718776A21}.Debug|Any CPU.Build.0 = Debug|Any CPU
		{32988539-635B-4BA2-B4F6-E0F718776A21}.Release|Any CPU.ActiveCfg = Release|Any CPU
		{32988539-635B-4BA2-B4F6-E0F718776A21}.Release|Any CPU.Build.0 = Release|Any CPU
	EndGlobalSection
	GlobalSection(SolutionProperties) = preSolution
		HideSolutionNode = FALSE
	EndGlobalSection
	GlobalSection(ExtensibilityGlobals) = postSolution
		SolutionGuid = {23A2D2D7-5322-414F-A8B8-62897B758DDE}
	EndGlobalSection
EndGlobal
