
Microsoft Visual Studio Solution File, Format Version 12.00
# Visual Studio Version 17
VisualStudioVersion = 17.4.33103.184
MinimumVisualStudioVersion = 10.0.40219.1
Project("{FAE04EC0-301F-11D3-BF4B-00C04F79EFBC}") = "TimelineAPI", "TimelineAPI\TimelineAPI.csproj", "{2108FB11-E5F6-4C5A-A8EA-C5D68B9F2DC2}"
EndProject
Global
	GlobalSection(SolutionConfigurationPlatforms) = preSolution
		Debug|Any CPU = Debug|Any CPU
		Release|Any CPU = Release|Any CPU
	EndGlobalSection
	GlobalSection(ProjectConfigurationPlatforms) = postSolution
		{2108FB11-E5F6-4C5A-A8EA-C5D68B9F2DC2}.Debug|Any CPU.ActiveCfg = Debug|Any CPU
		{2108FB11-E5F6-4C5A-A8EA-C5D68B9F2DC2}.Debug|Any CPU.Build.0 = Debug|Any CPU
		{2108FB11-E5F6-4C5A-A8EA-C5D68B9F2DC2}.Release|Any CPU.ActiveCfg = Release|Any CPU
		{2108FB11-E5F6-4C5A-A8EA-C5D68B9F2DC2}.Release|Any CPU.Build.0 = Release|Any CPU
	EndGlobalSection
	GlobalSection(SolutionProperties) = preSolution
		HideSolutionNode = FALSE
	EndGlobalSection
	GlobalSection(ExtensibilityGlobals) = postSolution
		SolutionGuid = {2F61FBCB-E5E0-440D-86B2-326F194CCB0C}
	EndGlobalSection
EndGlobal
