
Microsoft Visual Studio Solution File, Format Version 12.00
# Visual Studio Version 17
VisualStudioVersion = 17.4.33103.184
MinimumVisualStudioVersion = 10.0.40219.1
Project("{FAE04EC0-301F-11D3-BF4B-00C04F79EFBC}") = "AdminDashboardAPI", "AdminDashboardAPI\AdminDashboardAPI.csproj", "{8881B24A-8F64-4036-9571-74B58D039040}"
EndProject
Global
	GlobalSection(SolutionConfigurationPlatforms) = preSolution
		Debug|Any CPU = Debug|Any CPU
		Release|Any CPU = Release|Any CPU
	EndGlobalSection
	GlobalSection(ProjectConfigurationPlatforms) = postSolution
		{8881B24A-8F64-4036-9571-74B58D039040}.Debug|Any CPU.ActiveCfg = Debug|Any CPU
		{8881B24A-8F64-4036-9571-74B58D039040}.Debug|Any CPU.Build.0 = Debug|Any CPU
		{8881B24A-8F64-4036-9571-74B58D039040}.Release|Any CPU.ActiveCfg = Release|Any CPU
		{8881B24A-8F64-4036-9571-74B58D039040}.Release|Any CPU.Build.0 = Release|Any CPU
	EndGlobalSection
	GlobalSection(SolutionProperties) = preSolution
		HideSolutionNode = FALSE
	EndGlobalSection
	GlobalSection(ExtensibilityGlobals) = postSolution
		SolutionGuid = {8E9E2E37-4F08-4688-BB6C-E30CFD293A31}
	EndGlobalSection
EndGlobal
